{
  "object": {
    "pins": [
      {
        "package": "Carbon",
        "repositoryURL": "https://github.com/dankinsoid/Carbon.git",
        "state": {
          "branch": null,
          "revision": "9e572593e02ce77e54932d46d130054a13e2a056",
          "version": "1.0.1"
        }
      },
      {
        "package": "CombineOperators",
        "repositoryURL": "https://github.com/dankinsoid/CombineOperators.git",
        "state": {
          "branch": null,
          "revision": "5b6bd5ac3d29a8c54d2d641c30752943c5a15eaa",
          "version": "1.61.0"
        }
      },
      {
        "package": "ConstraintsOperators",
        "repositoryURL": "https://github.com/dankinsoid/ConstraintsOperators.git",
        "state": {
          "branch": null,
          "revision": "55af290fbc57bbc37429c05ce2f04ad966d4e697",
          "version": "2.13.0"
        }
      },
      {
        "package": "DifferenceKit",
        "repositoryURL": "https://github.com/ra1028/DifferenceKit.git",
        "state": {
          "branch": null,
          "revision": "14c66681e12a38b81045f44c6c29724a0d4b0e72",
          "version": "1.1.5"
        }
      },
      {
        "package": "VDKit",
        "repositoryURL": "https://github.com/dankinsoid/VDKit.git",
        "state": {
          "branch": null,
          "revision": "221f84d7d2d7cd90cd3277cb7fab15386060dc9a",
          "version": "1.15.0"
        }
      }
    ]
  },
  "version": 1
}
