{
  "pins" : [
    {
      "identity" : "vdchain",
      "kind" : "remoteSourceControl",
      "location" : "https://github.com/dankinsoid/VDChain.git",
      "state" : {
        "revision" : "6fa2f3d350ecbae4418b3b7ae2824ba5520b151e",
        "version" : "2.5.2"
      }
    }
  ],
  "version" : 2
}
