{
  "pins" : [
    {
      "identity" : "vdchain",
      "kind" : "remoteSourceControl",
      "location" : "https://github.com/dankinsoid/VDChain.git",
      "state" : {
        "revision" : "6fa2f3d350ecbae4418b3b7ae2824ba5520b151e",
        "version" : "2.5.2"
      }
    },
    {
      "identity" : "vdpin",
      "kind" : "remoteSourceControl",
      "location" : "https://github.com/dankinsoid/VDPin.git",
      "state" : {
        "revision" : "08a9d5b93f16af3db2c33bc627dd21184f7b37d0",
        "version" : "1.0.1"
      }
    }
  ],
  "version" : 2
}
